
Microsoft Visual Studio Solution File, Format Version 12.00
# Visual Studio Version 16
VisualStudioVersion = 16.0.33027.164
MinimumVisualStudioVersion = 10.0.40219.1
Project("{FAE04EC0-301F-11D3-BF4B-00C04F79EFBC}") = "Original_Sovova", "Original_Sovova.csproj", "{40DC84EF-15F7-49E1-9AF0-C043E5AFA10D}"
EndProject
Project("{FAE04EC0-301F-11D3-BF4B-00C04F79EFBC}") = "Aproximation", "..\Aproximation\Aproximation.csproj", "{2D7D21FB-C41B-43AD-B5F1-0F37D6C59ACF}"
EndProject
Global
	GlobalSection(SolutionConfigurationPlatforms) = preSolution
		Debug|Any CPU = Debug|Any CPU
		Release|Any CPU = Release|Any CPU
	EndGlobalSection
	GlobalSection(ProjectConfigurationPlatforms) = postSolution
		{40DC84EF-15F7-49E1-9AF0-C043E5AFA10D}.Debug|Any CPU.ActiveCfg = Debug|Any CPU
		{40DC84EF-15F7-49E1-9AF0-C043E5AFA10D}.Debug|Any CPU.Build.0 = Debug|Any CPU
		{40DC84EF-15F7-49E1-9AF0-C043E5AFA10D}.Release|Any CPU.ActiveCfg = Release|Any CPU
		{40DC84EF-15F7-49E1-9AF0-C043E5AFA10D}.Release|Any CPU.Build.0 = Release|Any CPU
		{2D7D21FB-C41B-43AD-B5F1-0F37D6C59ACF}.Debug|Any CPU.ActiveCfg = Debug|Any CPU
		{2D7D21FB-C41B-43AD-B5F1-0F37D6C59ACF}.Debug|Any CPU.Build.0 = Debug|Any CPU
		{2D7D21FB-C41B-43AD-B5F1-0F37D6C59ACF}.Release|Any CPU.ActiveCfg = Release|Any CPU
		{2D7D21FB-C41B-43AD-B5F1-0F37D6C59ACF}.Release|Any CPU.Build.0 = Release|Any CPU
	EndGlobalSection
	GlobalSection(SolutionProperties) = preSolution
		HideSolutionNode = FALSE
	EndGlobalSection
	GlobalSection(ExtensibilityGlobals) = postSolution
		SolutionGuid = {1AEAF05C-83DB-4C07-AB38-2F96CAF59354}
	EndGlobalSection
EndGlobal
